
Microsoft Visual Studio Solution File, Format Version 12.00
# Visual Studio Version 16
VisualStudioVersion = 16.0.30320.27
MinimumVisualStudioVersion = 10.0.40219.1
Project("{9A19103F-16F7-4668-BE54-9A1E7A4F7556}") = "RecipeBook.Core.Tests", "tests\RecipeBook.UnitTests\RecipeBook.Core.Tests\RecipeBook.Core.Tests.csproj", "{3DD79751-1D3D-4A3E-8B6D-94130763DDFA}"
EndProject
Project("{9A19103F-16F7-4668-BE54-9A1E7A4F7556}") = "RecipeBook.SharedKernel", "src\RecipeBook.SharedKernel\RecipeBook.SharedKernel.csproj", "{325E0A91-601E-4C51-83F4-E5B4D7D8EFFF}"
EndProject
Project("{9A19103F-16F7-4668-BE54-9A1E7A4F7556}") = "RecipeBook.Infrastructure", "src\RecipeBook.Infrastructure\RecipeBook.Infrastructure.csproj", "{C3C31FB1-87F0-4631-A0C9-6094CB513D4C}"
EndProject
Project("{9A19103F-16F7-4668-BE54-9A1E7A4F7556}") = "RecipeBook.Core", "src\RecipeBook.Core\RecipeBook.Core.csproj", "{27245AEC-B11A-4441-85CB-DE36F6068BB1}"
EndProject
Project("{9A19103F-16F7-4668-BE54-9A1E7A4F7556}") = "RecipeBook.Web", "src\RecipeBook.Web\RecipeBook.Web.csproj", "{44759E0D-D543-4AAE-BAC8-9215DA1B505F}"
EndProject
Global
	GlobalSection(SolutionConfigurationPlatforms) = preSolution
		Debug|Any CPU = Debug|Any CPU
		Release|Any CPU = Release|Any CPU
	EndGlobalSection
	GlobalSection(ProjectConfigurationPlatforms) = postSolution
		{3DD79751-1D3D-4A3E-8B6D-94130763DDFA}.Debug|Any CPU.ActiveCfg = Debug|Any CPU
		{3DD79751-1D3D-4A3E-8B6D-94130763DDFA}.Debug|Any CPU.Build.0 = Debug|Any CPU
		{3DD79751-1D3D-4A3E-8B6D-94130763DDFA}.Release|Any CPU.ActiveCfg = Release|Any CPU
		{3DD79751-1D3D-4A3E-8B6D-94130763DDFA}.Release|Any CPU.Build.0 = Release|Any CPU
		{325E0A91-601E-4C51-83F4-E5B4D7D8EFFF}.Debug|Any CPU.ActiveCfg = Debug|Any CPU
		{325E0A91-601E-4C51-83F4-E5B4D7D8EFFF}.Debug|Any CPU.Build.0 = Debug|Any CPU
		{325E0A91-601E-4C51-83F4-E5B4D7D8EFFF}.Release|Any CPU.ActiveCfg = Release|Any CPU
		{325E0A91-601E-4C51-83F4-E5B4D7D8EFFF}.Release|Any CPU.Build.0 = Release|Any CPU
		{C3C31FB1-87F0-4631-A0C9-6094CB513D4C}.Debug|Any CPU.ActiveCfg = Debug|Any CPU
		{C3C31FB1-87F0-4631-A0C9-6094CB513D4C}.Debug|Any CPU.Build.0 = Debug|Any CPU
		{C3C31FB1-87F0-4631-A0C9-6094CB513D4C}.Release|Any CPU.ActiveCfg = Release|Any CPU
		{C3C31FB1-87F0-4631-A0C9-6094CB513D4C}.Release|Any CPU.Build.0 = Release|Any CPU
		{27245AEC-B11A-4441-85CB-DE36F6068BB1}.Debug|Any CPU.ActiveCfg = Debug|Any CPU
		{27245AEC-B11A-4441-85CB-DE36F6068BB1}.Debug|Any CPU.Build.0 = Debug|Any CPU
		{27245AEC-B11A-4441-85CB-DE36F6068BB1}.Release|Any CPU.ActiveCfg = Release|Any CPU
		{27245AEC-B11A-4441-85CB-DE36F6068BB1}.Release|Any CPU.Build.0 = Release|Any CPU
		{44759E0D-D543-4AAE-BAC8-9215DA1B505F}.Debug|Any CPU.ActiveCfg = Debug|Any CPU
		{44759E0D-D543-4AAE-BAC8-9215DA1B505F}.Debug|Any CPU.Build.0 = Debug|Any CPU
		{44759E0D-D543-4AAE-BAC8-9215DA1B505F}.Release|Any CPU.ActiveCfg = Release|Any CPU
		{44759E0D-D543-4AAE-BAC8-9215DA1B505F}.Release|Any CPU.Build.0 = Release|Any CPU
	EndGlobalSection
	GlobalSection(SolutionProperties) = preSolution
		HideSolutionNode = FALSE
	EndGlobalSection
	GlobalSection(ExtensibilityGlobals) = postSolution
		SolutionGuid = {FAC08BB8-1F7F-41E7-99C6-F525D4871286}
	EndGlobalSection
EndGlobal
